
Microsoft Visual Studio Solution File, Format Version 10.00
# Visual Studio 2008
Project("{2150E333-8FDC-42A3-9474-1A3956D46DE8}") = "Include", "Include", "{BCDE2DE4-BA49-425A-86D2-F6DCE7E33D49}"
	ProjectSection(SolutionItems) = preProject
		..\src\base_config.h = ..\src\base_config.h
		..\src\base_const.h = ..\src\base_const.h
		..\src\base_containers.h = ..\src\base_containers.h
		..\src\base_io.h = ..\src\base_io.h
		..\src\base_lib.h = ..\src\base_lib.h
		..\src\base_macro.h = ..\src\base_macro.h
		..\src\base_param.h = ..\src\base_param.h
		..\src\base_parser.h = ..\src\base_parser.h
		..\src\coleso.h = ..\src\coleso.h
		..\src\coleso_fortran.h = ..\src\coleso_fortran.h
		..\src\es_jacobi_rule.hpp = ..\src\es_jacobi_rule.hpp
		..\src\es_specfunc.h = ..\src\es_specfunc.h
		..\src\es_utils.h = ..\src\es_utils.h
		..\src\extraprecision.h = ..\src\extraprecision.h
		..\src\gaussrule.h = ..\src\gaussrule.h
		..\src\geom_primitive.h = ..\src\geom_primitive.h
		..\src\pointfuncs.h = ..\src\pointfuncs.h
		..\src\spaceform.h = ..\src\spaceform.h
	EndProjectSection
EndProject
Project("{8BC9CEB8-8B4A-11D0-8D11-00A0C91BC942}") = "ColESo", "ColESo.vcproj", "{61A4E54A-5339-4FA9-9950-5D8A6E7EBCFF}"
	ProjectSection(ProjectDependencies) = postProject
		{569C1812-5F5D-46C2-A505-D26D3BA3CFF7} = {569C1812-5F5D-46C2-A505-D26D3BA3CFF7}
	EndProjectSection
EndProject
Project("{8BC9CEB8-8B4A-11D0-8D11-00A0C91BC942}") = "Main", "example.vcproj", "{C7BD3E88-EDEB-45A4-A1A5-BAF6F533BA3B}"
	ProjectSection(ProjectDependencies) = postProject
		{61A4E54A-5339-4FA9-9950-5D8A6E7EBCFF} = {61A4E54A-5339-4FA9-9950-5D8A6E7EBCFF}
	EndProjectSection
EndProject
Project("{8BC9CEB8-8B4A-11D0-8D11-00A0C91BC942}") = "lib_qd", "lib_qd.vcproj", "{569C1812-5F5D-46C2-A505-D26D3BA3CFF7}"
EndProject
Project("{8BC9CEB8-8B4A-11D0-8D11-00A0C91BC942}") = "Mainqd", "exampleqd.vcproj", "{469B21A5-BB5E-4623-8A9A-C3810A9CDBDE}"
	ProjectSection(ProjectDependencies) = postProject
		{569C1812-5F5D-46C2-A505-D26D3BA3CFF7} = {569C1812-5F5D-46C2-A505-D26D3BA3CFF7}
		{61A4E54A-5339-4FA9-9950-5D8A6E7EBCFF} = {61A4E54A-5339-4FA9-9950-5D8A6E7EBCFF}
	EndProjectSection
EndProject
Global
	GlobalSection(SolutionConfigurationPlatforms) = preSolution
		Debug|Win32 = Debug|Win32
		Release|Win32 = Release|Win32
	EndGlobalSection
	GlobalSection(ProjectConfigurationPlatforms) = postSolution
		{61A4E54A-5339-4FA9-9950-5D8A6E7EBCFF}.Debug|Win32.ActiveCfg = Debug|Win32
		{61A4E54A-5339-4FA9-9950-5D8A6E7EBCFF}.Debug|Win32.Build.0 = Debug|Win32
		{61A4E54A-5339-4FA9-9950-5D8A6E7EBCFF}.Release|Win32.ActiveCfg = Release|Win32
		{61A4E54A-5339-4FA9-9950-5D8A6E7EBCFF}.Release|Win32.Build.0 = Release|Win32
		{C7BD3E88-EDEB-45A4-A1A5-BAF6F533BA3B}.Debug|Win32.ActiveCfg = Debug|Win32
		{C7BD3E88-EDEB-45A4-A1A5-BAF6F533BA3B}.Debug|Win32.Build.0 = Debug|Win32
		{C7BD3E88-EDEB-45A4-A1A5-BAF6F533BA3B}.Release|Win32.ActiveCfg = Release|Win32
		{C7BD3E88-EDEB-45A4-A1A5-BAF6F533BA3B}.Release|Win32.Build.0 = Release|Win32
		{569C1812-5F5D-46C2-A505-D26D3BA3CFF7}.Debug|Win32.ActiveCfg = Debug|Win32
		{569C1812-5F5D-46C2-A505-D26D3BA3CFF7}.Debug|Win32.Build.0 = Debug|Win32
		{569C1812-5F5D-46C2-A505-D26D3BA3CFF7}.Release|Win32.ActiveCfg = Release|Win32
		{569C1812-5F5D-46C2-A505-D26D3BA3CFF7}.Release|Win32.Build.0 = Release|Win32
		{469B21A5-BB5E-4623-8A9A-C3810A9CDBDE}.Debug|Win32.ActiveCfg = Debug|Win32
		{469B21A5-BB5E-4623-8A9A-C3810A9CDBDE}.Release|Win32.ActiveCfg = Release|Win32
	EndGlobalSection
	GlobalSection(SolutionProperties) = preSolution
		HideSolutionNode = FALSE
	EndGlobalSection
EndGlobal
